# This file is automatically @generated by Cargo.
# It is not intended for manual editing.
version = 3

[[package]]
name = "day14"
version = "0.1.0"
dependencies = [
 "grid",
]

[[package]]
name = "grid"
version = "0.12.0"
source = "registry+https://github.com/rust-lang/crates.io-index"
checksum = "1584ff6141ecb0340eeb8be523d027e3e1fe92ae34d9380a98ea991d65c564cc"
